
Microsoft Visual Studio Solution File, Format Version 12.00
# Visual Studio Version 17
VisualStudioVersion = 17.3.32819.101
MinimumVisualStudioVersion = 10.0.40219.1
Project("{FAE04EC0-301F-11D3-BF4B-00C04F79EFBC}") = "Exercise9", "Exercise9\Exercise9.csproj", "{7C580A69-A2D0-4F61-ACB2-E61A8E690922}"
EndProject
Global
	GlobalSection(SolutionConfigurationPlatforms) = preSolution
		Debug|Any CPU = Debug|Any CPU
		Release|Any CPU = Release|Any CPU
	EndGlobalSection
	GlobalSection(ProjectConfigurationPlatforms) = postSolution
		{7C580A69-A2D0-4F61-ACB2-E61A8E690922}.Debug|Any CPU.ActiveCfg = Debug|Any CPU
		{7C580A69-A2D0-4F61-ACB2-E61A8E690922}.Debug|Any CPU.Build.0 = Debug|Any CPU
		{7C580A69-A2D0-4F61-ACB2-E61A8E690922}.Release|Any CPU.ActiveCfg = Release|Any CPU
		{7C580A69-A2D0-4F61-ACB2-E61A8E690922}.Release|Any CPU.Build.0 = Release|Any CPU
	EndGlobalSection
	GlobalSection(SolutionProperties) = preSolution
		HideSolutionNode = FALSE
	EndGlobalSection
	GlobalSection(ExtensibilityGlobals) = postSolution
		SolutionGuid = {D2912776-F42D-4E35-A2F8-1E4374B0CADA}
	EndGlobalSection
EndGlobal
